// !$*UTF8*$!
{
	archiveVersion = 1;
	classes = {
	};
	objectVersion = 50;
	objects = {

/* Begin PBXBuildFile section */
		5309EE3D25619A6D00B3BC06 /* Backup.swift in Sources */ = {isa = PBXBuildFile; fileRef = 5309EE3C25619A6D00B3BC06 /* Backup.swift */; };
		53152CC929690E7300A14E43 /* LosslessStringConvertible.swift in Sources */ = {isa = PBXBuildFile; fileRef = 53152CC829690E7300A14E43 /* LosslessStringConvertible.swift */; };
		53152CCC2969453000A14E43 /* DateHelper.swift in Sources */ = {isa = PBXBuildFile; fileRef = 53152CCB2969453000A14E43 /* DateHelper.swift */; };
		53152CCE2969E69700A14E43 /* JobPicker.swift in Sources */ = {isa = PBXBuildFile; fileRef = 53152CCD2969E69700A14E43 /* JobPicker.swift */; };
		53152CD0296A245200A14E43 /* ClipboardHelper.swift in Sources */ = {isa = PBXBuildFile; fileRef = 53152CCF296A245200A14E43 /* ClipboardHelper.swift */; };
		53152CD4296A296A00A14E43 /* FancyButton.swift in Sources */ = {isa = PBXBuildFile; fileRef = 53152CD3296A296A00A14E43 /* FancyButton.swift */; };
		53152CD6296A2DA300A14E43 /* FancyPicker.swift in Sources */ = {isa = PBXBuildFile; fileRef = 53152CD5296A2DA300A14E43 /* FancyPicker.swift */; };
		53152CDA296B849200A14E43 /* FancyPickerWithRelativeNavigation.swift in Sources */ = {isa = PBXBuildFile; fileRef = 53152CD9296B849200A14E43 /* FancyPickerWithRelativeNavigation.swift */; };
		53152CDD296BB0D900A14E43 /* GenericToolbar.swift in Sources */ = {isa = PBXBuildFile; fileRef = 53152CDC296BB0D900A14E43 /* GenericToolbar.swift */; };
		53152CE4296BC8A100A14E43 /* NoteDashboard.swift in Sources */ = {isa = PBXBuildFile; fileRef = 53152CE3296BC8A100A14E43 /* NoteDashboard.swift */; };
		531B38FC29674EC400E74013 /* Title.swift in Sources */ = {isa = PBXBuildFile; fileRef = 531B38FB29674EC400E74013 /* Title.swift */; };
		53218D4824B7F6EB0088ABE9 /* DLPrototype.swift in Sources */ = {isa = PBXBuildFile; fileRef = 53218D4724B7F6EB0088ABE9 /* DLPrototype.swift */; };
		53218D4A24B7F6EB0088ABE9 /* Home.swift in Sources */ = {isa = PBXBuildFile; fileRef = 53218D4924B7F6EB0088ABE9 /* Home.swift */; };
		53218D4F24B7F6EC0088ABE9 /* Assets.xcassets in Resources */ = {isa = PBXBuildFile; fileRef = 53218D4E24B7F6EC0088ABE9 /* Assets.xcassets */; };
		53218D5224B7F6EC0088ABE9 /* Preview Assets.xcassets in Resources */ = {isa = PBXBuildFile; fileRef = 53218D5124B7F6EC0088ABE9 /* Preview Assets.xcassets */; };
		53218D5524B7F6EC0088ABE9 /* Main.storyboard in Resources */ = {isa = PBXBuildFile; fileRef = 53218D5324B7F6EC0088ABE9 /* Main.storyboard */; };
		53218D6124B7F6EC0088ABE9 /* DLPrototypeTests.swift in Sources */ = {isa = PBXBuildFile; fileRef = 53218D6024B7F6EC0088ABE9 /* DLPrototypeTests.swift */; };
		53218D6C24B7F6EC0088ABE9 /* DLPrototypeUITests.swift in Sources */ = {isa = PBXBuildFile; fileRef = 53218D6B24B7F6EC0088ABE9 /* DLPrototypeUITests.swift */; };
		53218D8224B8195D0088ABE9 /* Screenshots in Resources */ = {isa = PBXBuildFile; fileRef = 53218D8124B8195D0088ABE9 /* Screenshots */; };
		5335A5AE296CFF83000051B1 /* FileHelper.swift in Sources */ = {isa = PBXBuildFile; fileRef = 5335A5AD296CFF83000051B1 /* FileHelper.swift */; };
		5335A5B3296D17EB000051B1 /* TaskDashboard.swift in Sources */ = {isa = PBXBuildFile; fileRef = 5335A5B2296D17EB000051B1 /* TaskDashboard.swift */; };
		5335A5B5296D1FA7000051B1 /* TaskView.swift in Sources */ = {isa = PBXBuildFile; fileRef = 5335A5B4296D1FA7000051B1 /* TaskView.swift */; };
		5335A5B7296D2089000051B1 /* TaskListView.swift in Sources */ = {isa = PBXBuildFile; fileRef = 5335A5B6296D2089000051B1 /* TaskListView.swift */; };
		5335A5B9296D2490000051B1 /* CoreDataTasks.swift in Sources */ = {isa = PBXBuildFile; fileRef = 5335A5B8296D2490000051B1 /* CoreDataTasks.swift */; };
		533AB3EE296C9B3800E91A9F /* ManageDashboard.swift in Sources */ = {isa = PBXBuildFile; fileRef = 533AB3ED296C9B3800E91A9F /* ManageDashboard.swift */; };
		533AB3F0296C9ED100E91A9F /* ManageNotes.swift in Sources */ = {isa = PBXBuildFile; fileRef = 533AB3EF296C9ED100E91A9F /* ManageNotes.swift */; };
		533AB3F2296CA34600E91A9F /* ManageRecords.swift in Sources */ = {isa = PBXBuildFile; fileRef = 533AB3F1296CA34600E91A9F /* ManageRecords.swift */; };
		533AB3F4296CA58C00E91A9F /* ManageJobs.swift in Sources */ = {isa = PBXBuildFile; fileRef = 533AB3F3296CA58C00E91A9F /* ManageJobs.swift */; };
		533E40652970DA640007785A /* ViewUpdater.swift in Sources */ = {isa = PBXBuildFile; fileRef = 533E40642970DA640007785A /* ViewUpdater.swift */; };
		533E40682970DD170007785A /* AutoFixJobs.swift in Sources */ = {isa = PBXBuildFile; fileRef = 533E40672970DD170007785A /* AutoFixJobs.swift */; };
		533E406A2970F5610007785A /* SearchHelper.swift in Sources */ = {isa = PBXBuildFile; fileRef = 533E40692970F5610007785A /* SearchHelper.swift */; };
		53521E54296FBDAE002E7F21 /* CoreDataNoteVersions.swift in Sources */ = {isa = PBXBuildFile; fileRef = 53521E53296FBDAE002E7F21 /* CoreDataNoteVersions.swift */; };
		5367FAF0296772730060D2AA /* Split.swift in Sources */ = {isa = PBXBuildFile; fileRef = 5367FAEF296772730060D2AA /* Split.swift */; };
		537368D124B93DB600193E88 /* Today.swift in Sources */ = {isa = PBXBuildFile; fileRef = 537368D024B93DB600193E88 /* Today.swift */; };
		53759E0829678DC700DCDC4B /* Import.swift in Sources */ = {isa = PBXBuildFile; fileRef = 53759E0729678DC700DCDC4B /* Import.swift */; };
		53759E0D2967ECAE00DCDC4B /* LogRecords.swift in Sources */ = {isa = PBXBuildFile; fileRef = 53759E0C2967ECAE00DCDC4B /* LogRecords.swift */; };
		53759E0F2968AB5700DCDC4B /* SyncMonitor.swift in Sources */ = {isa = PBXBuildFile; fileRef = 53759E0E2968AB5700DCDC4B /* SyncMonitor.swift */; };
		5376289B2966467100DE8ECF /* SearchBar.swift in Sources */ = {isa = PBXBuildFile; fileRef = 5376289A2966467100DE8ECF /* SearchBar.swift */; };
		5376289E29664F8C00DE8ECF /* Theme.swift in Sources */ = {isa = PBXBuildFile; fileRef = 5376289D29664F8C00DE8ECF /* Theme.swift */; };
		537628A02966518B00DE8ECF /* ToolbarTabs.swift in Sources */ = {isa = PBXBuildFile; fileRef = 5376289F2966518B00DE8ECF /* ToolbarTabs.swift */; };
		537628A22966525500DE8ECF /* ToolbarButtons.swift in Sources */ = {isa = PBXBuildFile; fileRef = 537628A12966525500DE8ECF /* ToolbarButtons.swift */; };
		537628A8296659DC00DE8ECF /* PersistenceController.swift in Sources */ = {isa = PBXBuildFile; fileRef = 537628A7296659DC00DE8ECF /* PersistenceController.swift */; };
		537628AA29665B2600DE8ECF /* NotesHome.swift in Sources */ = {isa = PBXBuildFile; fileRef = 537628A929665B2600DE8ECF /* NotesHome.swift */; };
		537628AC29665B4E00DE8ECF /* NoteView.swift in Sources */ = {isa = PBXBuildFile; fileRef = 537628AB29665B4E00DE8ECF /* NoteView.swift */; };
		537628B429665F4E00DE8ECF /* Data.xcdatamodeld in Sources */ = {isa = PBXBuildFile; fileRef = 537628B229665F4E00DE8ECF /* Data.xcdatamodeld */; };
		537AEB9F29627DCC00385787 /* LogTable.swift in Sources */ = {isa = PBXBuildFile; fileRef = 537AEB9E29627DCC00385787 /* LogTable.swift */; };
		537AEBA1296287B900385787 /* LogRow.swift in Sources */ = {isa = PBXBuildFile; fileRef = 537AEBA0296287B900385787 /* LogRow.swift */; };
		537AEBA329629DE400385787 /* LogRowActions.swift in Sources */ = {isa = PBXBuildFile; fileRef = 537AEBA229629DE400385787 /* LogRowActions.swift */; };
		53999C1F29669C4E00125E65 /* NoteCreate.swift in Sources */ = {isa = PBXBuildFile; fileRef = 53999C1E29669C4E00125E65 /* NoteCreate.swift */; };
		539C0E75296CC34600023370 /* Manage.swift in Sources */ = {isa = PBXBuildFile; fileRef = 533AB3EA296C9A1900E91A9F /* Manage.swift */; };
		539C96EA27EE7AFF007DA058 /* CalendarThisWeek.swift in Sources */ = {isa = PBXBuildFile; fileRef = 539C96E927EE7AFF007DA058 /* CalendarThisWeek.swift */; };
		53B940D92800A9F10024AA5F /* Records.swift in Sources */ = {isa = PBXBuildFile; fileRef = 53B940D82800A9F10024AA5F /* Records.swift */; };
		53C6D08D2964E25400EA6129 /* EditableColumn.swift in Sources */ = {isa = PBXBuildFile; fileRef = 53C6D08C2964E25400EA6129 /* EditableColumn.swift */; };
		53C6D08F2964E25F00EA6129 /* Column.swift in Sources */ = {isa = PBXBuildFile; fileRef = 53C6D08E2964E25F00EA6129 /* Column.swift */; };
		53C6D0912965044C00EA6129 /* DetailsColumn.swift in Sources */ = {isa = PBXBuildFile; fileRef = 53C6D0902965044C00EA6129 /* DetailsColumn.swift */; };
		53C6D0942965048500EA6129 /* DetailsRow.swift in Sources */ = {isa = PBXBuildFile; fileRef = 53C6D0932965048500EA6129 /* DetailsRow.swift */; };
		53C6D09829654F4C00EA6129 /* DetailGroup.swift in Sources */ = {isa = PBXBuildFile; fileRef = 53C6D09729654F4C00EA6129 /* DetailGroup.swift */; };
		53DCA3422803BBBF0032FD60 /* CalendarView.swift in Sources */ = {isa = PBXBuildFile; fileRef = 53DCA3412803BBBF0032FD60 /* CalendarView.swift */; };
		53DFF075296F124E0051DA91 /* ManageTasks.swift in Sources */ = {isa = PBXBuildFile; fileRef = 53DFF074296F124E0051DA91 /* ManageTasks.swift */; };
		53EDDF9E29634852008D34C7 /* Entry.swift in Sources */ = {isa = PBXBuildFile; fileRef = 53EDDF9D29634852008D34C7 /* Entry.swift */; };
		53EDDFA02963487A008D34C7 /* CustomPickerItem.swift in Sources */ = {isa = PBXBuildFile; fileRef = 53EDDF9F2963487A008D34C7 /* CustomPickerItem.swift */; };
		53EDDFA22963502A008D34C7 /* LogRowEmpty.swift in Sources */ = {isa = PBXBuildFile; fileRef = 53EDDFA12963502A008D34C7 /* LogRowEmpty.swift */; };
		53EFCE7629637CC6004E45EC /* Color.swift in Sources */ = {isa = PBXBuildFile; fileRef = 53EFCE7529637CC6004E45EC /* Color.swift */; };
		53EFCE7929637F35004E45EC /* GeneralSettings.swift in Sources */ = {isa = PBXBuildFile; fileRef = 53EFCE7829637F35004E45EC /* GeneralSettings.swift */; };
		53EFCE7B29637F49004E45EC /* Settings.swift in Sources */ = {isa = PBXBuildFile; fileRef = 53EFCE7A29637F49004E45EC /* Settings.swift */; };
		53EFCE7D2963D309004E45EC /* LogTableDetails.swift in Sources */ = {isa = PBXBuildFile; fileRef = 53EFCE7C2963D309004E45EC /* LogTableDetails.swift */; };
		53F10FE0296E77BE0048D040 /* CoreDataJob.swift in Sources */ = {isa = PBXBuildFile; fileRef = 53F10FDF296E77BE0048D040 /* CoreDataJob.swift */; };
		53FEF578296603D9000B94FC /* FancyTextField.swift in Sources */ = {isa = PBXBuildFile; fileRef = 53FEF577296603D9000B94FC /* FancyTextField.swift */; };
/* End PBXBuildFile section */

/* Begin PBXContainerItemProxy section */
		53218D5D24B7F6EC0088ABE9 /* PBXContainerItemProxy */ = {
			isa = PBXContainerItemProxy;
			containerPortal = 53218D3C24B7F6EB0088ABE9 /* Project object */;
			proxyType = 1;
			remoteGlobalIDString = 53218D4324B7F6EB0088ABE9;
			remoteInfo = DLPrototype;
		};
		53218D6824B7F6EC0088ABE9 /* PBXContainerItemProxy */ = {
			isa = PBXContainerItemProxy;
			containerPortal = 53218D3C24B7F6EB0088ABE9 /* Project object */;
			proxyType = 1;
			remoteGlobalIDString = 53218D4324B7F6EB0088ABE9;
			remoteInfo = DLPrototype;
		};
/* End PBXContainerItemProxy section */

/* Begin PBXFileReference section */
		5309EE3C25619A6D00B3BC06 /* Backup.swift */ = {isa = PBXFileReference; lastKnownFileType = sourcecode.swift; path = Backup.swift; sourceTree = "<group>"; };
		53152CC829690E7300A14E43 /* LosslessStringConvertible.swift */ = {isa = PBXFileReference; lastKnownFileType = sourcecode.swift; path = LosslessStringConvertible.swift; sourceTree = "<group>"; };
		53152CCB2969453000A14E43 /* DateHelper.swift */ = {isa = PBXFileReference; lastKnownFileType = sourcecode.swift; path = DateHelper.swift; sourceTree = "<group>"; };
		53152CCD2969E69700A14E43 /* JobPicker.swift */ = {isa = PBXFileReference; lastKnownFileType = sourcecode.swift; path = JobPicker.swift; sourceTree = "<group>"; };
		53152CCF296A245200A14E43 /* ClipboardHelper.swift */ = {isa = PBXFileReference; lastKnownFileType = sourcecode.swift; path = ClipboardHelper.swift; sourceTree = "<group>"; };
		53152CD3296A296A00A14E43 /* FancyButton.swift */ = {isa = PBXFileReference; lastKnownFileType = sourcecode.swift; path = FancyButton.swift; sourceTree = "<group>"; };
		53152CD5296A2DA300A14E43 /* FancyPicker.swift */ = {isa = PBXFileReference; lastKnownFileType = sourcecode.swift; path = FancyPicker.swift; sourceTree = "<group>"; };
		53152CD9296B849200A14E43 /* FancyPickerWithRelativeNavigation.swift */ = {isa = PBXFileReference; lastKnownFileType = sourcecode.swift; path = FancyPickerWithRelativeNavigation.swift; sourceTree = "<group>"; };
		53152CDC296BB0D900A14E43 /* GenericToolbar.swift */ = {isa = PBXFileReference; lastKnownFileType = sourcecode.swift; name = GenericToolbar.swift; path = DLPrototype/Shared/GenericToolbar.swift; sourceTree = SOURCE_ROOT; };
		53152CE3296BC8A100A14E43 /* NoteDashboard.swift */ = {isa = PBXFileReference; lastKnownFileType = sourcecode.swift; path = NoteDashboard.swift; sourceTree = "<group>"; };
		531B38FB29674EC400E74013 /* Title.swift */ = {isa = PBXFileReference; lastKnownFileType = sourcecode.swift; path = Title.swift; sourceTree = "<group>"; };
		53218D4424B7F6EB0088ABE9 /* DLPrototype.app */ = {isa = PBXFileReference; explicitFileType = wrapper.application; includeInIndex = 0; path = DLPrototype.app; sourceTree = BUILT_PRODUCTS_DIR; };
		53218D4724B7F6EB0088ABE9 /* DLPrototype.swift */ = {isa = PBXFileReference; lastKnownFileType = sourcecode.swift; path = DLPrototype.swift; sourceTree = "<group>"; };
		53218D4924B7F6EB0088ABE9 /* Home.swift */ = {isa = PBXFileReference; lastKnownFileType = sourcecode.swift; path = Home.swift; sourceTree = "<group>"; };
		53218D4C24B7F6EB0088ABE9 /* DLPrototype.xcdatamodel */ = {isa = PBXFileReference; lastKnownFileType = wrapper.xcdatamodel; path = DLPrototype.xcdatamodel; sourceTree = "<group>"; };
		53218D4E24B7F6EC0088ABE9 /* Assets.xcassets */ = {isa = PBXFileReference; lastKnownFileType = folder.assetcatalog; path = Assets.xcassets; sourceTree = "<group>"; };
		53218D5124B7F6EC0088ABE9 /* Preview Assets.xcassets */ = {isa = PBXFileReference; lastKnownFileType = folder.assetcatalog; path = "Preview Assets.xcassets"; sourceTree = "<group>"; };
		53218D5424B7F6EC0088ABE9 /* Base */ = {isa = PBXFileReference; lastKnownFileType = file.storyboard; name = Base; path = Base.lproj/Main.storyboard; sourceTree = "<group>"; };
		53218D5624B7F6EC0088ABE9 /* Info.plist */ = {isa = PBXFileReference; lastKnownFileType = text.plist.xml; path = Info.plist; sourceTree = "<group>"; };
		53218D5724B7F6EC0088ABE9 /* DLPrototype.entitlements */ = {isa = PBXFileReference; lastKnownFileType = text.plist.entitlements; path = DLPrototype.entitlements; sourceTree = "<group>"; };
		53218D5C24B7F6EC0088ABE9 /* DLPrototypeTests.xctest */ = {isa = PBXFileReference; explicitFileType = wrapper.cfbundle; includeInIndex = 0; path = DLPrototypeTests.xctest; sourceTree = BUILT_PRODUCTS_DIR; };
		53218D6024B7F6EC0088ABE9 /* DLPrototypeTests.swift */ = {isa = PBXFileReference; lastKnownFileType = sourcecode.swift; path = DLPrototypeTests.swift; sourceTree = "<group>"; };
		53218D6224B7F6EC0088ABE9 /* Info.plist */ = {isa = PBXFileReference; lastKnownFileType = text.plist.xml; path = Info.plist; sourceTree = "<group>"; };
		53218D6724B7F6EC0088ABE9 /* DLPrototypeUITests.xctest */ = {isa = PBXFileReference; explicitFileType = wrapper.cfbundle; includeInIndex = 0; path = DLPrototypeUITests.xctest; sourceTree = BUILT_PRODUCTS_DIR; };
		53218D6B24B7F6EC0088ABE9 /* DLPrototypeUITests.swift */ = {isa = PBXFileReference; lastKnownFileType = sourcecode.swift; path = DLPrototypeUITests.swift; sourceTree = "<group>"; };
		53218D6D24B7F6EC0088ABE9 /* Info.plist */ = {isa = PBXFileReference; lastKnownFileType = text.plist.xml; path = Info.plist; sourceTree = "<group>"; };
		53218D8024B8094C0088ABE9 /* README.md */ = {isa = PBXFileReference; lastKnownFileType = net.daringfireball.markdown; path = README.md; sourceTree = "<group>"; };
		53218D8124B8195D0088ABE9 /* Screenshots */ = {isa = PBXFileReference; lastKnownFileType = folder; path = Screenshots; sourceTree = "<group>"; };
		5335A5AD296CFF83000051B1 /* FileHelper.swift */ = {isa = PBXFileReference; lastKnownFileType = sourcecode.swift; path = FileHelper.swift; sourceTree = "<group>"; };
		5335A5B2296D17EB000051B1 /* TaskDashboard.swift */ = {isa = PBXFileReference; lastKnownFileType = sourcecode.swift; path = TaskDashboard.swift; sourceTree = "<group>"; };
		5335A5B4296D1FA7000051B1 /* TaskView.swift */ = {isa = PBXFileReference; lastKnownFileType = sourcecode.swift; path = TaskView.swift; sourceTree = "<group>"; };
		5335A5B6296D2089000051B1 /* TaskListView.swift */ = {isa = PBXFileReference; lastKnownFileType = sourcecode.swift; path = TaskListView.swift; sourceTree = "<group>"; };
		5335A5B8296D2490000051B1 /* CoreDataTasks.swift */ = {isa = PBXFileReference; lastKnownFileType = sourcecode.swift; path = CoreDataTasks.swift; sourceTree = "<group>"; };
		533AB3EA296C9A1900E91A9F /* Manage.swift */ = {isa = PBXFileReference; lastKnownFileType = sourcecode.swift; path = Manage.swift; sourceTree = "<group>"; };
		533AB3ED296C9B3800E91A9F /* ManageDashboard.swift */ = {isa = PBXFileReference; lastKnownFileType = sourcecode.swift; path = ManageDashboard.swift; sourceTree = "<group>"; };
		533AB3EF296C9ED100E91A9F /* ManageNotes.swift */ = {isa = PBXFileReference; lastKnownFileType = sourcecode.swift; path = ManageNotes.swift; sourceTree = "<group>"; };
		533AB3F1296CA34600E91A9F /* ManageRecords.swift */ = {isa = PBXFileReference; lastKnownFileType = sourcecode.swift; path = ManageRecords.swift; sourceTree = "<group>"; };
		533AB3F3296CA58C00E91A9F /* ManageJobs.swift */ = {isa = PBXFileReference; lastKnownFileType = sourcecode.swift; path = ManageJobs.swift; sourceTree = "<group>"; };
		533E40642970DA640007785A /* ViewUpdater.swift */ = {isa = PBXFileReference; lastKnownFileType = sourcecode.swift; path = ViewUpdater.swift; sourceTree = "<group>"; };
		533E40672970DD170007785A /* AutoFixJobs.swift */ = {isa = PBXFileReference; lastKnownFileType = sourcecode.swift; path = AutoFixJobs.swift; sourceTree = "<group>"; };
		533E40692970F5610007785A /* SearchHelper.swift */ = {isa = PBXFileReference; lastKnownFileType = sourcecode.swift; path = SearchHelper.swift; sourceTree = "<group>"; };
		53521E53296FBDAE002E7F21 /* CoreDataNoteVersions.swift */ = {isa = PBXFileReference; lastKnownFileType = sourcecode.swift; path = CoreDataNoteVersions.swift; sourceTree = "<group>"; };
		5367FAEF296772730060D2AA /* Split.swift */ = {isa = PBXFileReference; lastKnownFileType = sourcecode.swift; path = Split.swift; sourceTree = "<group>"; };
		537368D024B93DB600193E88 /* Today.swift */ = {isa = PBXFileReference; lastKnownFileType = sourcecode.swift; path = Today.swift; sourceTree = "<group>"; };
		53759E0729678DC700DCDC4B /* Import.swift */ = {isa = PBXFileReference; lastKnownFileType = sourcecode.swift; path = Import.swift; sourceTree = "<group>"; };
		53759E0C2967ECAE00DCDC4B /* LogRecords.swift */ = {isa = PBXFileReference; lastKnownFileType = sourcecode.swift; path = LogRecords.swift; sourceTree = "<group>"; };
		53759E0E2968AB5700DCDC4B /* SyncMonitor.swift */ = {isa = PBXFileReference; lastKnownFileType = sourcecode.swift; path = SyncMonitor.swift; sourceTree = "<group>"; };
		5376289A2966467100DE8ECF /* SearchBar.swift */ = {isa = PBXFileReference; lastKnownFileType = sourcecode.swift; path = SearchBar.swift; sourceTree = "<group>"; };
		5376289D29664F8C00DE8ECF /* Theme.swift */ = {isa = PBXFileReference; lastKnownFileType = sourcecode.swift; path = Theme.swift; sourceTree = "<group>"; };
		5376289F2966518B00DE8ECF /* ToolbarTabs.swift */ = {isa = PBXFileReference; lastKnownFileType = sourcecode.swift; path = ToolbarTabs.swift; sourceTree = "<group>"; };
		537628A12966525500DE8ECF /* ToolbarButtons.swift */ = {isa = PBXFileReference; lastKnownFileType = sourcecode.swift; path = ToolbarButtons.swift; sourceTree = "<group>"; };
		537628A7296659DC00DE8ECF /* PersistenceController.swift */ = {isa = PBXFileReference; lastKnownFileType = sourcecode.swift; path = PersistenceController.swift; sourceTree = "<group>"; };
		537628A929665B2600DE8ECF /* NotesHome.swift */ = {isa = PBXFileReference; lastKnownFileType = sourcecode.swift; path = NotesHome.swift; sourceTree = "<group>"; };
		537628AB29665B4E00DE8ECF /* NoteView.swift */ = {isa = PBXFileReference; lastKnownFileType = sourcecode.swift; path = NoteView.swift; sourceTree = "<group>"; };
		537628B329665F4E00DE8ECF /* Note.xcdatamodel */ = {isa = PBXFileReference; lastKnownFileType = wrapper.xcdatamodel; path = Note.xcdatamodel; sourceTree = "<group>"; };
		537AEB9E29627DCC00385787 /* LogTable.swift */ = {isa = PBXFileReference; lastKnownFileType = sourcecode.swift; path = LogTable.swift; sourceTree = "<group>"; };
		537AEBA0296287B900385787 /* LogRow.swift */ = {isa = PBXFileReference; lastKnownFileType = sourcecode.swift; path = LogRow.swift; sourceTree = "<group>"; };
		537AEBA229629DE400385787 /* LogRowActions.swift */ = {isa = PBXFileReference; lastKnownFileType = sourcecode.swift; path = LogRowActions.swift; sourceTree = "<group>"; };
		53999C1E29669C4E00125E65 /* NoteCreate.swift */ = {isa = PBXFileReference; lastKnownFileType = sourcecode.swift; path = NoteCreate.swift; sourceTree = "<group>"; };
		539C96E927EE7AFF007DA058 /* CalendarThisWeek.swift */ = {isa = PBXFileReference; lastKnownFileType = sourcecode.swift; path = CalendarThisWeek.swift; sourceTree = "<group>"; };
		53B940D82800A9F10024AA5F /* Records.swift */ = {isa = PBXFileReference; lastKnownFileType = sourcecode.swift; path = Records.swift; sourceTree = "<group>"; };
		53C6D08C2964E25400EA6129 /* EditableColumn.swift */ = {isa = PBXFileReference; lastKnownFileType = sourcecode.swift; path = EditableColumn.swift; sourceTree = "<group>"; };
		53C6D08E2964E25F00EA6129 /* Column.swift */ = {isa = PBXFileReference; lastKnownFileType = sourcecode.swift; path = Column.swift; sourceTree = "<group>"; };
		53C6D0902965044C00EA6129 /* DetailsColumn.swift */ = {isa = PBXFileReference; lastKnownFileType = sourcecode.swift; path = DetailsColumn.swift; sourceTree = "<group>"; };
		53C6D0932965048500EA6129 /* DetailsRow.swift */ = {isa = PBXFileReference; lastKnownFileType = sourcecode.swift; path = DetailsRow.swift; sourceTree = "<group>"; };
		53C6D09729654F4C00EA6129 /* DetailGroup.swift */ = {isa = PBXFileReference; lastKnownFileType = sourcecode.swift; path = DetailGroup.swift; sourceTree = "<group>"; };
		53DCA3412803BBBF0032FD60 /* CalendarView.swift */ = {isa = PBXFileReference; lastKnownFileType = sourcecode.swift; path = CalendarView.swift; sourceTree = "<group>"; };
		53DFF074296F124E0051DA91 /* ManageTasks.swift */ = {isa = PBXFileReference; lastKnownFileType = sourcecode.swift; path = ManageTasks.swift; sourceTree = "<group>"; };
		53EDDF9D29634852008D34C7 /* Entry.swift */ = {isa = PBXFileReference; lastKnownFileType = sourcecode.swift; path = Entry.swift; sourceTree = "<group>"; };
		53EDDF9F2963487A008D34C7 /* CustomPickerItem.swift */ = {isa = PBXFileReference; lastKnownFileType = sourcecode.swift; path = CustomPickerItem.swift; sourceTree = "<group>"; };
		53EDDFA12963502A008D34C7 /* LogRowEmpty.swift */ = {isa = PBXFileReference; lastKnownFileType = sourcecode.swift; path = LogRowEmpty.swift; sourceTree = "<group>"; };
		53EFCE7529637CC6004E45EC /* Color.swift */ = {isa = PBXFileReference; lastKnownFileType = sourcecode.swift; path = Color.swift; sourceTree = "<group>"; };
		53EFCE7829637F35004E45EC /* GeneralSettings.swift */ = {isa = PBXFileReference; lastKnownFileType = sourcecode.swift; path = GeneralSettings.swift; sourceTree = "<group>"; };
		53EFCE7A29637F49004E45EC /* Settings.swift */ = {isa = PBXFileReference; lastKnownFileType = sourcecode.swift; path = Settings.swift; sourceTree = "<group>"; };
		53EFCE7C2963D309004E45EC /* LogTableDetails.swift */ = {isa = PBXFileReference; lastKnownFileType = sourcecode.swift; path = LogTableDetails.swift; sourceTree = "<group>"; };
		53F10FDF296E77BE0048D040 /* CoreDataJob.swift */ = {isa = PBXFileReference; lastKnownFileType = sourcecode.swift; path = CoreDataJob.swift; sourceTree = "<group>"; };
		53FEF577296603D9000B94FC /* FancyTextField.swift */ = {isa = PBXFileReference; lastKnownFileType = sourcecode.swift; path = FancyTextField.swift; sourceTree = "<group>"; };
/* End PBXFileReference section */

/* Begin PBXFrameworksBuildPhase section */
		53218D4124B7F6EB0088ABE9 /* Frameworks */ = {
			isa = PBXFrameworksBuildPhase;
			buildActionMask = 2147483647;
			files = (
			);
			runOnlyForDeploymentPostprocessing = 0;
		};
		53218D5924B7F6EC0088ABE9 /* Frameworks */ = {
			isa = PBXFrameworksBuildPhase;
			buildActionMask = 2147483647;
			files = (
			);
			runOnlyForDeploymentPostprocessing = 0;
		};
		53218D6424B7F6EC0088ABE9 /* Frameworks */ = {
			isa = PBXFrameworksBuildPhase;
			buildActionMask = 2147483647;
			files = (
			);
			runOnlyForDeploymentPostprocessing = 0;
		};
/* End PBXFrameworksBuildPhase section */

/* Begin PBXGroup section */
		53152CCA2969452100A14E43 /* Helpers */ = {
			isa = PBXGroup;
			children = (
				53152CCB2969453000A14E43 /* DateHelper.swift */,
				53152CCF296A245200A14E43 /* ClipboardHelper.swift */,
				5335A5AD296CFF83000051B1 /* FileHelper.swift */,
				533E40692970F5610007785A /* SearchHelper.swift */,
			);
			path = Helpers;
			sourceTree = "<group>";
		};
		53152CDB296BAFA300A14E43 /* Split */ = {
			isa = PBXGroup;
			children = (
				5367FAEF296772730060D2AA /* Split.swift */,
				53152CDC296BB0D900A14E43 /* GenericToolbar.swift */,
			);
			path = Split;
			sourceTree = "<group>";
		};
		53152CDF296BC74900A14E43 /* Today */ = {
			isa = PBXGroup;
			children = (
				53EFCE7729637EA0004E45EC /* LogTable */,
				537368D024B93DB600193E88 /* Today.swift */,
			);
			path = Today;
			sourceTree = "<group>";
		};
		53152CE0296BC75A00A14E43 /* Settings */ = {
			isa = PBXGroup;
			children = (
				53EFCE7A29637F49004E45EC /* Settings.swift */,
				53EFCE7829637F35004E45EC /* GeneralSettings.swift */,
			);
			path = Settings;
			sourceTree = "<group>";
		};
		53152CE1296BC76700A14E43 /* Home */ = {
			isa = PBXGroup;
			children = (
				53218D4924B7F6EB0088ABE9 /* Home.swift */,
			);
			path = Home;
			sourceTree = "<group>";
		};
		53152CE2296BC76E00A14E43 /* Calendar */ = {
			isa = PBXGroup;
			children = (
				539C96E927EE7AFF007DA058 /* CalendarThisWeek.swift */,
				53DCA3412803BBBF0032FD60 /* CalendarView.swift */,
			);
			path = Calendar;
			sourceTree = "<group>";
		};
		53218D3B24B7F6EB0088ABE9 = {
			isa = PBXGroup;
			children = (
				53218D8124B8195D0088ABE9 /* Screenshots */,
				53218D8024B8094C0088ABE9 /* README.md */,
				53218D4624B7F6EB0088ABE9 /* DLPrototype */,
				53218D5F24B7F6EC0088ABE9 /* DLPrototypeTests */,
				53218D6A24B7F6EC0088ABE9 /* DLPrototypeUITests */,
				53218D4524B7F6EB0088ABE9 /* Products */,
			);
			sourceTree = "<group>";
		};
		53218D4524B7F6EB0088ABE9 /* Products */ = {
			isa = PBXGroup;
			children = (
				53218D4424B7F6EB0088ABE9 /* DLPrototype.app */,
				53218D5C24B7F6EC0088ABE9 /* DLPrototypeTests.xctest */,
				53218D6724B7F6EC0088ABE9 /* DLPrototypeUITests.xctest */,
			);
			name = Products;
			sourceTree = "<group>";
		};
		53218D4624B7F6EB0088ABE9 /* DLPrototype */ = {
			isa = PBXGroup;
			children = (
				533E40662970DD080007785A /* Utils */,
				53152CCA2969452100A14E43 /* Helpers */,
				537628A62966593500DE8ECF /* CoreData */,
				537368D224B93DF700193E88 /* Views */,
				53EFCE7429637CB8004E45EC /* Extensions */,
				53EDDF9C29634840008D34C7 /* Shared */,
				53B940D72800A9CC0024AA5F /* Models */,
				53218D4724B7F6EB0088ABE9 /* DLPrototype.swift */,
				53218D4E24B7F6EC0088ABE9 /* Assets.xcassets */,
				53218D5324B7F6EC0088ABE9 /* Main.storyboard */,
				53218D5624B7F6EC0088ABE9 /* Info.plist */,
				53218D5724B7F6EC0088ABE9 /* DLPrototype.entitlements */,
				53218D4B24B7F6EB0088ABE9 /* DLPrototype.xcdatamodeld */,
				53218D5024B7F6EC0088ABE9 /* Preview Content */,
			);
			path = DLPrototype;
			sourceTree = "<group>";
		};
		53218D5024B7F6EC0088ABE9 /* Preview Content */ = {
			isa = PBXGroup;
			children = (
				53218D5124B7F6EC0088ABE9 /* Preview Assets.xcassets */,
			);
			path = "Preview Content";
			sourceTree = "<group>";
		};
		53218D5F24B7F6EC0088ABE9 /* DLPrototypeTests */ = {
			isa = PBXGroup;
			children = (
				53218D6024B7F6EC0088ABE9 /* DLPrototypeTests.swift */,
				53218D6224B7F6EC0088ABE9 /* Info.plist */,
			);
			path = DLPrototypeTests;
			sourceTree = "<group>";
		};
		53218D6A24B7F6EC0088ABE9 /* DLPrototypeUITests */ = {
			isa = PBXGroup;
			children = (
				53218D6B24B7F6EC0088ABE9 /* DLPrototypeUITests.swift */,
				53218D6D24B7F6EC0088ABE9 /* Info.plist */,
			);
			path = DLPrototypeUITests;
			sourceTree = "<group>";
		};
		5335A5AF296D164F000051B1 /* Tasks */ = {
			isa = PBXGroup;
			children = (
				5335A5B2296D17EB000051B1 /* TaskDashboard.swift */,
				5335A5B4296D1FA7000051B1 /* TaskView.swift */,
				5335A5B6296D2089000051B1 /* TaskListView.swift */,
			);
			path = Tasks;
			sourceTree = "<group>";
		};
		533AB3EC296C9A1D00E91A9F /* Manage */ = {
			isa = PBXGroup;
			children = (
				533AB3EA296C9A1900E91A9F /* Manage.swift */,
				533AB3ED296C9B3800E91A9F /* ManageDashboard.swift */,
				533AB3EF296C9ED100E91A9F /* ManageNotes.swift */,
				533AB3F1296CA34600E91A9F /* ManageRecords.swift */,
				533AB3F3296CA58C00E91A9F /* ManageJobs.swift */,
				53DFF074296F124E0051DA91 /* ManageTasks.swift */,
			);
			path = Manage;
			sourceTree = "<group>";
		};
		533E40662970DD080007785A /* Utils */ = {
			isa = PBXGroup;
			children = (
				533E40672970DD170007785A /* AutoFixJobs.swift */,
			);
			path = Utils;
			sourceTree = "<group>";
		};
		537368D224B93DF700193E88 /* Views */ = {
			isa = PBXGroup;
			children = (
				5335A5AF296D164F000051B1 /* Tasks */,
				533AB3EC296C9A1D00E91A9F /* Manage */,
				53152CE2296BC76E00A14E43 /* Calendar */,
				53152CE1296BC76700A14E43 /* Home */,
				53152CE0296BC75A00A14E43 /* Settings */,
				53152CDF296BC74900A14E43 /* Today */,
				53152CDB296BAFA300A14E43 /* Split */,
				53759E0929678DD000DCDC4B /* Import */,
				537628AD29665B7B00DE8ECF /* Notes */,
				5309EE3C25619A6D00B3BC06 /* Backup.swift */,
			);
			path = Views;
			sourceTree = "<group>";
		};
		53759E0929678DD000DCDC4B /* Import */ = {
			isa = PBXGroup;
			children = (
				53759E0729678DC700DCDC4B /* Import.swift */,
			);
			path = Import;
			sourceTree = "<group>";
		};
		53759E0B2967EC9600DCDC4B /* CoreData */ = {
			isa = PBXGroup;
			children = (
				53759E0C2967ECAE00DCDC4B /* LogRecords.swift */,
				5335A5B8296D2490000051B1 /* CoreDataTasks.swift */,
				53F10FDF296E77BE0048D040 /* CoreDataJob.swift */,
				53521E53296FBDAE002E7F21 /* CoreDataNoteVersions.swift */,
			);
			path = CoreData;
			sourceTree = "<group>";
		};
		537628A62966593500DE8ECF /* CoreData */ = {
			isa = PBXGroup;
			children = (
				537628A7296659DC00DE8ECF /* PersistenceController.swift */,
				537628B229665F4E00DE8ECF /* Data.xcdatamodeld */,
				53759E0E2968AB5700DCDC4B /* SyncMonitor.swift */,
			);
			path = CoreData;
			sourceTree = "<group>";
		};
		537628AD29665B7B00DE8ECF /* Notes */ = {
			isa = PBXGroup;
			children = (
				537628A929665B2600DE8ECF /* NotesHome.swift */,
				537628AB29665B4E00DE8ECF /* NoteView.swift */,
				53999C1E29669C4E00125E65 /* NoteCreate.swift */,
				53152CE3296BC8A100A14E43 /* NoteDashboard.swift */,
			);
			path = Notes;
			sourceTree = "<group>";
		};
		53B940D72800A9CC0024AA5F /* Models */ = {
			isa = PBXGroup;
			children = (
				53759E0B2967EC9600DCDC4B /* CoreData */,
				53B940DA2800AA220024AA5F /* PlainText */,
			);
			path = Models;
			sourceTree = "<group>";
		};
		53B940DA2800AA220024AA5F /* PlainText */ = {
			isa = PBXGroup;
			children = (
				53B940D82800A9F10024AA5F /* Records.swift */,
			);
			path = PlainText;
			sourceTree = "<group>";
		};
		53C6D08B2964E22700EA6129 /* ColumnTypes */ = {
			isa = PBXGroup;
			children = (
				53C6D08C2964E25400EA6129 /* EditableColumn.swift */,
				53C6D08E2964E25F00EA6129 /* Column.swift */,
				53C6D0902965044C00EA6129 /* DetailsColumn.swift */,
			);
			path = ColumnTypes;
			sourceTree = "<group>";
		};
		53C6D0922965047A00EA6129 /* RowTypes */ = {
			isa = PBXGroup;
			children = (
				53EDDFA12963502A008D34C7 /* LogRowEmpty.swift */,
				537AEBA229629DE400385787 /* LogRowActions.swift */,
				537AEBA0296287B900385787 /* LogRow.swift */,
				53C6D0932965048500EA6129 /* DetailsRow.swift */,
				53C6D09729654F4C00EA6129 /* DetailGroup.swift */,
				5376289A2966467100DE8ECF /* SearchBar.swift */,
			);
			path = RowTypes;
			sourceTree = "<group>";
		};
		53EDDF9C29634840008D34C7 /* Shared */ = {
			isa = PBXGroup;
			children = (
				53EDDF9D29634852008D34C7 /* Entry.swift */,
				53EDDF9F2963487A008D34C7 /* CustomPickerItem.swift */,
				5376289D29664F8C00DE8ECF /* Theme.swift */,
				53FEF577296603D9000B94FC /* FancyTextField.swift */,
				531B38FB29674EC400E74013 /* Title.swift */,
				53152CCD2969E69700A14E43 /* JobPicker.swift */,
				53152CD3296A296A00A14E43 /* FancyButton.swift */,
				53152CD5296A2DA300A14E43 /* FancyPicker.swift */,
				53152CD9296B849200A14E43 /* FancyPickerWithRelativeNavigation.swift */,
				533E40642970DA640007785A /* ViewUpdater.swift */,
			);
			path = Shared;
			sourceTree = "<group>";
		};
		53EFCE7429637CB8004E45EC /* Extensions */ = {
			isa = PBXGroup;
			children = (
				53EFCE7529637CC6004E45EC /* Color.swift */,
				53152CC829690E7300A14E43 /* LosslessStringConvertible.swift */,
			);
			path = Extensions;
			sourceTree = "<group>";
		};
		53EFCE7729637EA0004E45EC /* LogTable */ = {
			isa = PBXGroup;
			children = (
				53C6D0922965047A00EA6129 /* RowTypes */,
				53C6D08B2964E22700EA6129 /* ColumnTypes */,
				537AEB9E29627DCC00385787 /* LogTable.swift */,
				53EFCE7C2963D309004E45EC /* LogTableDetails.swift */,
				5376289F2966518B00DE8ECF /* ToolbarTabs.swift */,
				537628A12966525500DE8ECF /* ToolbarButtons.swift */,
			);
			path = LogTable;
			sourceTree = "<group>";
		};
/* End PBXGroup section */

/* Begin PBXNativeTarget section */
		53218D4324B7F6EB0088ABE9 /* DLPrototype */ = {
			isa = PBXNativeTarget;
			buildConfigurationList = 53218D7024B7F6EC0088ABE9 /* Build configuration list for PBXNativeTarget "DLPrototype" */;
			buildPhases = (
				53218D4024B7F6EB0088ABE9 /* Sources */,
				53218D4124B7F6EB0088ABE9 /* Frameworks */,
				53218D4224B7F6EB0088ABE9 /* Resources */,
			);
			buildRules = (
			);
			dependencies = (
			);
			name = DLPrototype;
			packageProductDependencies = (
			);
			productName = DLPrototype;
			productReference = 53218D4424B7F6EB0088ABE9 /* DLPrototype.app */;
			productType = "com.apple.product-type.application";
		};
		53218D5B24B7F6EC0088ABE9 /* DLPrototypeTests */ = {
			isa = PBXNativeTarget;
			buildConfigurationList = 53218D7324B7F6EC0088ABE9 /* Build configuration list for PBXNativeTarget "DLPrototypeTests" */;
			buildPhases = (
				53218D5824B7F6EC0088ABE9 /* Sources */,
				53218D5924B7F6EC0088ABE9 /* Frameworks */,
				53218D5A24B7F6EC0088ABE9 /* Resources */,
			);
			buildRules = (
			);
			dependencies = (
				53218D5E24B7F6EC0088ABE9 /* PBXTargetDependency */,
			);
			name = DLPrototypeTests;
			productName = DLPrototypeTests;
			productReference = 53218D5C24B7F6EC0088ABE9 /* DLPrototypeTests.xctest */;
			productType = "com.apple.product-type.bundle.unit-test";
		};
		53218D6624B7F6EC0088ABE9 /* DLPrototypeUITests */ = {
			isa = PBXNativeTarget;
			buildConfigurationList = 53218D7624B7F6EC0088ABE9 /* Build configuration list for PBXNativeTarget "DLPrototypeUITests" */;
			buildPhases = (
				53218D6324B7F6EC0088ABE9 /* Sources */,
				53218D6424B7F6EC0088ABE9 /* Frameworks */,
				53218D6524B7F6EC0088ABE9 /* Resources */,
			);
			buildRules = (
			);
			dependencies = (
				53218D6924B7F6EC0088ABE9 /* PBXTargetDependency */,
			);
			name = DLPrototypeUITests;
			productName = DLPrototypeUITests;
			productReference = 53218D6724B7F6EC0088ABE9 /* DLPrototypeUITests.xctest */;
			productType = "com.apple.product-type.bundle.ui-testing";
		};
/* End PBXNativeTarget section */

/* Begin PBXProject section */
		53218D3C24B7F6EB0088ABE9 /* Project object */ = {
			isa = PBXProject;
			attributes = {
				LastSwiftUpdateCheck = 1150;
				LastUpgradeCheck = 1420;
				ORGANIZATIONNAME = YegCollective;
				TargetAttributes = {
					53218D4324B7F6EB0088ABE9 = {
						CreatedOnToolsVersion = 11.5;
					};
					53218D5B24B7F6EC0088ABE9 = {
						CreatedOnToolsVersion = 11.5;
						TestTargetID = 53218D4324B7F6EB0088ABE9;
					};
					53218D6624B7F6EC0088ABE9 = {
						CreatedOnToolsVersion = 11.5;
						TestTargetID = 53218D4324B7F6EB0088ABE9;
					};
				};
			};
			buildConfigurationList = 53218D3F24B7F6EB0088ABE9 /* Build configuration list for PBXProject "DLPrototype" */;
			compatibilityVersion = "Xcode 9.3";
			developmentRegion = en;
			hasScannedForEncodings = 0;
			knownRegions = (
				en,
				Base,
			);
			mainGroup = 53218D3B24B7F6EB0088ABE9;
			packageReferences = (
			);
			productRefGroup = 53218D4524B7F6EB0088ABE9 /* Products */;
			projectDirPath = "";
			projectRoot = "";
			targets = (
				53218D4324B7F6EB0088ABE9 /* DLPrototype */,
				53218D5B24B7F6EC0088ABE9 /* DLPrototypeTests */,
				53218D6624B7F6EC0088ABE9 /* DLPrototypeUITests */,
			);
		};
/* End PBXProject section */

/* Begin PBXResourcesBuildPhase section */
		53218D4224B7F6EB0088ABE9 /* Resources */ = {
			isa = PBXResourcesBuildPhase;
			buildActionMask = 2147483647;
			files = (
				53218D5524B7F6EC0088ABE9 /* Main.storyboard in Resources */,
				53218D5224B7F6EC0088ABE9 /* Preview Assets.xcassets in Resources */,
				53218D8224B8195D0088ABE9 /* Screenshots in Resources */,
				53218D4F24B7F6EC0088ABE9 /* Assets.xcassets in Resources */,
			);
			runOnlyForDeploymentPostprocessing = 0;
		};
		53218D5A24B7F6EC0088ABE9 /* Resources */ = {
			isa = PBXResourcesBuildPhase;
			buildActionMask = 2147483647;
			files = (
			);
			runOnlyForDeploymentPostprocessing = 0;
		};
		53218D6524B7F6EC0088ABE9 /* Resources */ = {
			isa = PBXResourcesBuildPhase;
			buildActionMask = 2147483647;
			files = (
			);
			runOnlyForDeploymentPostprocessing = 0;
		};
/* End PBXResourcesBuildPhase section */

/* Begin PBXSourcesBuildPhase section */
		53218D4024B7F6EB0088ABE9 /* Sources */ = {
			isa = PBXSourcesBuildPhase;
			buildActionMask = 2147483647;
			files = (
				53FEF578296603D9000B94FC /* FancyTextField.swift in Sources */,
				537628B429665F4E00DE8ECF /* Data.xcdatamodeld in Sources */,
				53EDDF9E29634852008D34C7 /* Entry.swift in Sources */,
				53C6D0912965044C00EA6129 /* DetailsColumn.swift in Sources */,
				53218D4A24B7F6EB0088ABE9 /* Home.swift in Sources */,
				53EFCE7929637F35004E45EC /* GeneralSettings.swift in Sources */,
				5335A5B7296D2089000051B1 /* TaskListView.swift in Sources */,
				533AB3F0296C9ED100E91A9F /* ManageNotes.swift in Sources */,
				5335A5B5296D1FA7000051B1 /* TaskView.swift in Sources */,
				537628A02966518B00DE8ECF /* ToolbarTabs.swift in Sources */,
				53152CD6296A2DA300A14E43 /* FancyPicker.swift in Sources */,
				53152CE4296BC8A100A14E43 /* NoteDashboard.swift in Sources */,
				533AB3F4296CA58C00E91A9F /* ManageJobs.swift in Sources */,
				5309EE3D25619A6D00B3BC06 /* Backup.swift in Sources */,
				53EFCE7629637CC6004E45EC /* Color.swift in Sources */,
				53152CC929690E7300A14E43 /* LosslessStringConvertible.swift in Sources */,
				53B940D92800A9F10024AA5F /* Records.swift in Sources */,
				53EDDFA22963502A008D34C7 /* LogRowEmpty.swift in Sources */,
				533AB3F2296CA34600E91A9F /* ManageRecords.swift in Sources */,
				53EFCE7D2963D309004E45EC /* LogTableDetails.swift in Sources */,
				53152CDD296BB0D900A14E43 /* GenericToolbar.swift in Sources */,
				53C6D08D2964E25400EA6129 /* EditableColumn.swift in Sources */,
				53DFF075296F124E0051DA91 /* ManageTasks.swift in Sources */,
				533E40682970DD170007785A /* AutoFixJobs.swift in Sources */,
				5376289E29664F8C00DE8ECF /* Theme.swift in Sources */,
				53C6D09829654F4C00EA6129 /* DetailGroup.swift in Sources */,
				533E406A2970F5610007785A /* SearchHelper.swift in Sources */,
				5376289B2966467100DE8ECF /* SearchBar.swift in Sources */,
				537628A22966525500DE8ECF /* ToolbarButtons.swift in Sources */,
				537AEBA1296287B900385787 /* LogRow.swift in Sources */,
				537368D124B93DB600193E88 /* Today.swift in Sources */,
				537628AC29665B4E00DE8ECF /* NoteView.swift in Sources */,
				53999C1F29669C4E00125E65 /* NoteCreate.swift in Sources */,
				53759E0D2967ECAE00DCDC4B /* LogRecords.swift in Sources */,
				53F10FE0296E77BE0048D040 /* CoreDataJob.swift in Sources */,
				533E40652970DA640007785A /* ViewUpdater.swift in Sources */,
				53EDDFA02963487A008D34C7 /* CustomPickerItem.swift in Sources */,
				53C6D08F2964E25F00EA6129 /* Column.swift in Sources */,
				53759E0829678DC700DCDC4B /* Import.swift in Sources */,
				5335A5B3296D17EB000051B1 /* TaskDashboard.swift in Sources */,
				53C6D0942965048500EA6129 /* DetailsRow.swift in Sources */,
				5335A5B9296D2490000051B1 /* CoreDataTasks.swift in Sources */,
				53218D4824B7F6EB0088ABE9 /* DLPrototype.swift in Sources */,
				531B38FC29674EC400E74013 /* Title.swift in Sources */,
				539C0E75296CC34600023370 /* Manage.swift in Sources */,
				53152CD0296A245200A14E43 /* ClipboardHelper.swift in Sources */,
				537628AA29665B2600DE8ECF /* NotesHome.swift in Sources */,
				53152CCC2969453000A14E43 /* DateHelper.swift in Sources */,
				539C96EA27EE7AFF007DA058 /* CalendarThisWeek.swift in Sources */,
				53521E54296FBDAE002E7F21 /* CoreDataNoteVersions.swift in Sources */,
				53759E0F2968AB5700DCDC4B /* SyncMonitor.swift in Sources */,
				537AEB9F29627DCC00385787 /* LogTable.swift in Sources */,
				537AEBA329629DE400385787 /* LogRowActions.swift in Sources */,
				5335A5AE296CFF83000051B1 /* FileHelper.swift in Sources */,
				53152CD4296A296A00A14E43 /* FancyButton.swift in Sources */,
				53DCA3422803BBBF0032FD60 /* CalendarView.swift in Sources */,
				5367FAF0296772730060D2AA /* Split.swift in Sources */,
				533AB3EE296C9B3800E91A9F /* ManageDashboard.swift in Sources */,
				53152CDA296B849200A14E43 /* FancyPickerWithRelativeNavigation.swift in Sources */,
				53EFCE7B29637F49004E45EC /* Settings.swift in Sources */,
				537628A8296659DC00DE8ECF /* PersistenceController.swift in Sources */,
				53152CCE2969E69700A14E43 /* JobPicker.swift in Sources */,
			);
			runOnlyForDeploymentPostprocessing = 0;
		};
		53218D5824B7F6EC0088ABE9 /* Sources */ = {
			isa = PBXSourcesBuildPhase;
			buildActionMask = 2147483647;
			files = (
				53218D6124B7F6EC0088ABE9 /* DLPrototypeTests.swift in Sources */,
			);
			runOnlyForDeploymentPostprocessing = 0;
		};
		53218D6324B7F6EC0088ABE9 /* Sources */ = {
			isa = PBXSourcesBuildPhase;
			buildActionMask = 2147483647;
			files = (
				53218D6C24B7F6EC0088ABE9 /* DLPrototypeUITests.swift in Sources */,
			);
			runOnlyForDeploymentPostprocessing = 0;
		};
/* End PBXSourcesBuildPhase section */

/* Begin PBXTargetDependency section */
		53218D5E24B7F6EC0088ABE9 /* PBXTargetDependency */ = {
			isa = PBXTargetDependency;
			target = 53218D4324B7F6EB0088ABE9 /* DLPrototype */;
			targetProxy = 53218D5D24B7F6EC0088ABE9 /* PBXContainerItemProxy */;
		};
		53218D6924B7F6EC0088ABE9 /* PBXTargetDependency */ = {
			isa = PBXTargetDependency;
			target = 53218D4324B7F6EB0088ABE9 /* DLPrototype */;
			targetProxy = 53218D6824B7F6EC0088ABE9 /* PBXContainerItemProxy */;
		};
/* End PBXTargetDependency section */

/* Begin PBXVariantGroup section */
		53218D5324B7F6EC0088ABE9 /* Main.storyboard */ = {
			isa = PBXVariantGroup;
			children = (
				53218D5424B7F6EC0088ABE9 /* Base */,
			);
			name = Main.storyboard;
			sourceTree = "<group>";
		};
/* End PBXVariantGroup section */

/* Begin XCBuildConfiguration section */
		53218D6E24B7F6EC0088ABE9 /* Debug */ = {
			isa = XCBuildConfiguration;
			buildSettings = {
				ALWAYS_SEARCH_USER_PATHS = NO;
				CLANG_ANALYZER_NONNULL = YES;
				CLANG_ANALYZER_NUMBER_OBJECT_CONVERSION = YES_AGGRESSIVE;
				CLANG_CXX_LANGUAGE_STANDARD = "gnu++14";
				CLANG_CXX_LIBRARY = "libc++";
				CLANG_ENABLE_MODULES = YES;
				CLANG_ENABLE_OBJC_ARC = YES;
				CLANG_ENABLE_OBJC_WEAK = YES;
				CLANG_WARN_BLOCK_CAPTURE_AUTORELEASING = YES;
				CLANG_WARN_BOOL_CONVERSION = YES;
				CLANG_WARN_COMMA = YES;
				CLANG_WARN_CONSTANT_CONVERSION = YES;
				CLANG_WARN_DEPRECATED_OBJC_IMPLEMENTATIONS = YES;
				CLANG_WARN_DIRECT_OBJC_ISA_USAGE = YES_ERROR;
				CLANG_WARN_DOCUMENTATION_COMMENTS = YES;
				CLANG_WARN_EMPTY_BODY = YES;
				CLANG_WARN_ENUM_CONVERSION = YES;
				CLANG_WARN_INFINITE_RECURSION = YES;
				CLANG_WARN_INT_CONVERSION = YES;
				CLANG_WARN_NON_LITERAL_NULL_CONVERSION = YES;
				CLANG_WARN_OBJC_IMPLICIT_RETAIN_SELF = YES;
				CLANG_WARN_OBJC_LITERAL_CONVERSION = YES;
				CLANG_WARN_OBJC_ROOT_CLASS = YES_ERROR;
				CLANG_WARN_QUOTED_INCLUDE_IN_FRAMEWORK_HEADER = YES;
				CLANG_WARN_RANGE_LOOP_ANALYSIS = YES;
				CLANG_WARN_STRICT_PROTOTYPES = YES;
				CLANG_WARN_SUSPICIOUS_MOVE = YES;
				CLANG_WARN_UNGUARDED_AVAILABILITY = YES_AGGRESSIVE;
				CLANG_WARN_UNREACHABLE_CODE = YES;
				CLANG_WARN__DUPLICATE_METHOD_MATCH = YES;
				COPY_PHASE_STRIP = NO;
				DEAD_CODE_STRIPPING = YES;
				DEBUG_INFORMATION_FORMAT = dwarf;
				ENABLE_STRICT_OBJC_MSGSEND = YES;
				ENABLE_TESTABILITY = YES;
				GCC_C_LANGUAGE_STANDARD = gnu11;
				GCC_DYNAMIC_NO_PIC = NO;
				GCC_NO_COMMON_BLOCKS = YES;
				GCC_OPTIMIZATION_LEVEL = 0;
				GCC_PREPROCESSOR_DEFINITIONS = (
					"DEBUG=1",
					"$(inherited)",
				);
				GCC_WARN_64_TO_32_BIT_CONVERSION = YES;
				GCC_WARN_ABOUT_RETURN_TYPE = YES_ERROR;
				GCC_WARN_UNDECLARED_SELECTOR = YES;
				GCC_WARN_UNINITIALIZED_AUTOS = YES_AGGRESSIVE;
				GCC_WARN_UNUSED_FUNCTION = YES;
				GCC_WARN_UNUSED_VARIABLE = YES;
				MACOSX_DEPLOYMENT_TARGET = 13.0;
				MTL_ENABLE_DEBUG_INFO = INCLUDE_SOURCE;
				MTL_FAST_MATH = YES;
				ONLY_ACTIVE_ARCH = YES;
				SDKROOT = macosx;
				SWIFT_ACTIVE_COMPILATION_CONDITIONS = DEBUG;
				SWIFT_OPTIMIZATION_LEVEL = "-Onone";
			};
			name = Debug;
		};
		53218D6F24B7F6EC0088ABE9 /* Release */ = {
			isa = XCBuildConfiguration;
			buildSettings = {
				ALWAYS_SEARCH_USER_PATHS = NO;
				CLANG_ANALYZER_NONNULL = YES;
				CLANG_ANALYZER_NUMBER_OBJECT_CONVERSION = YES_AGGRESSIVE;
				CLANG_CXX_LANGUAGE_STANDARD = "gnu++14";
				CLANG_CXX_LIBRARY = "libc++";
				CLANG_ENABLE_MODULES = YES;
				CLANG_ENABLE_OBJC_ARC = YES;
				CLANG_ENABLE_OBJC_WEAK = YES;
				CLANG_WARN_BLOCK_CAPTURE_AUTORELEASING = YES;
				CLANG_WARN_BOOL_CONVERSION = YES;
				CLANG_WARN_COMMA = YES;
				CLANG_WARN_CONSTANT_CONVERSION = YES;
				CLANG_WARN_DEPRECATED_OBJC_IMPLEMENTATIONS = YES;
				CLANG_WARN_DIRECT_OBJC_ISA_USAGE = YES_ERROR;
				CLANG_WARN_DOCUMENTATION_COMMENTS = YES;
				CLANG_WARN_EMPTY_BODY = YES;
				CLANG_WARN_ENUM_CONVERSION = YES;
				CLANG_WARN_INFINITE_RECURSION = YES;
				CLANG_WARN_INT_CONVERSION = YES;
				CLANG_WARN_NON_LITERAL_NULL_CONVERSION = YES;
				CLANG_WARN_OBJC_IMPLICIT_RETAIN_SELF = YES;
				CLANG_WARN_OBJC_LITERAL_CONVERSION = YES;
				CLANG_WARN_OBJC_ROOT_CLASS = YES_ERROR;
				CLANG_WARN_QUOTED_INCLUDE_IN_FRAMEWORK_HEADER = YES;
				CLANG_WARN_RANGE_LOOP_ANALYSIS = YES;
				CLANG_WARN_STRICT_PROTOTYPES = YES;
				CLANG_WARN_SUSPICIOUS_MOVE = YES;
				CLANG_WARN_UNGUARDED_AVAILABILITY = YES_AGGRESSIVE;
				CLANG_WARN_UNREACHABLE_CODE = YES;
				CLANG_WARN__DUPLICATE_METHOD_MATCH = YES;
				COPY_PHASE_STRIP = NO;
				DEAD_CODE_STRIPPING = YES;
				DEBUG_INFORMATION_FORMAT = "dwarf-with-dsym";
				ENABLE_NS_ASSERTIONS = NO;
				ENABLE_STRICT_OBJC_MSGSEND = YES;
				GCC_C_LANGUAGE_STANDARD = gnu11;
				GCC_NO_COMMON_BLOCKS = YES;
				GCC_WARN_64_TO_32_BIT_CONVERSION = YES;
				GCC_WARN_ABOUT_RETURN_TYPE = YES_ERROR;
				GCC_WARN_UNDECLARED_SELECTOR = YES;
				GCC_WARN_UNINITIALIZED_AUTOS = YES_AGGRESSIVE;
				GCC_WARN_UNUSED_FUNCTION = YES;
				GCC_WARN_UNUSED_VARIABLE = YES;
				MACOSX_DEPLOYMENT_TARGET = 13.0;
				MTL_ENABLE_DEBUG_INFO = NO;
				MTL_FAST_MATH = YES;
				SDKROOT = macosx;
				SWIFT_COMPILATION_MODE = wholemodule;
				SWIFT_OPTIMIZATION_LEVEL = "-O";
			};
			name = Release;
		};
		53218D7124B7F6EC0088ABE9 /* Debug */ = {
			isa = XCBuildConfiguration;
			buildSettings = {
				ASSETCATALOG_COMPILER_APPICON_NAME = AppIcon;
				CODE_SIGN_ENTITLEMENTS = DLPrototype/DLPrototype.entitlements;
				CODE_SIGN_IDENTITY = "Apple Development";
				"CODE_SIGN_IDENTITY[sdk=macosx*]" = "Apple Development";
				CODE_SIGN_STYLE = Automatic;
				COMBINE_HIDPI_IMAGES = YES;
				CURRENT_PROJECT_VERSION = 57;
				DEAD_CODE_STRIPPING = YES;
				DEVELOPMENT_ASSET_PATHS = "\"DLPrototype/Preview Content\"";
				DEVELOPMENT_TEAM = 6DT7L2N5X6;
				ENABLE_HARDENED_RUNTIME = YES;
				ENABLE_PREVIEWS = YES;
				INFOPLIST_FILE = DLPrototype/Info.plist;
				LD_RUNPATH_SEARCH_PATHS = (
					"$(inherited)",
					"@executable_path/../Frameworks",
				);
				MACOSX_DEPLOYMENT_TARGET = 13.0;
				PRODUCT_BUNDLE_IDENTIFIER = com.yegcollective.DLPrototype;
				PRODUCT_NAME = "$(TARGET_NAME)";
				SWIFT_VERSION = 5.0;
			};
			name = Debug;
		};
		53218D7224B7F6EC0088ABE9 /* Release */ = {
			isa = XCBuildConfiguration;
			buildSettings = {
				ASSETCATALOG_COMPILER_APPICON_NAME = AppIcon;
				CODE_SIGN_ENTITLEMENTS = DLPrototype/DLPrototype.entitlements;
				CODE_SIGN_IDENTITY = "Apple Development";
				"CODE_SIGN_IDENTITY[sdk=macosx*]" = "Apple Development";
				CODE_SIGN_STYLE = Automatic;
				COMBINE_HIDPI_IMAGES = YES;
				CURRENT_PROJECT_VERSION = 57;
				DEAD_CODE_STRIPPING = YES;
				DEVELOPMENT_ASSET_PATHS = "\"DLPrototype/Preview Content\"";
				DEVELOPMENT_TEAM = 6DT7L2N5X6;
				ENABLE_HARDENED_RUNTIME = YES;
				ENABLE_PREVIEWS = YES;
				INFOPLIST_FILE = DLPrototype/Info.plist;
				LD_RUNPATH_SEARCH_PATHS = (
					"$(inherited)",
					"@executable_path/../Frameworks",
				);
				MACOSX_DEPLOYMENT_TARGET = 13.0;
				PRODUCT_BUNDLE_IDENTIFIER = com.yegcollective.DLPrototype;
				PRODUCT_NAME = "$(TARGET_NAME)";
				SWIFT_VERSION = 5.0;
			};
			name = Release;
		};
		53218D7424B7F6EC0088ABE9 /* Debug */ = {
			isa = XCBuildConfiguration;
			buildSettings = {
				ALWAYS_EMBED_SWIFT_STANDARD_LIBRARIES = YES;
				BUNDLE_LOADER = "$(TEST_HOST)";
				CODE_SIGN_STYLE = Automatic;
				COMBINE_HIDPI_IMAGES = YES;
				DEAD_CODE_STRIPPING = YES;
				DEVELOPMENT_TEAM = 6DT7L2N5X6;
				INFOPLIST_FILE = DLPrototypeTests/Info.plist;
				LD_RUNPATH_SEARCH_PATHS = (
					"$(inherited)",
					"@executable_path/../Frameworks",
					"@loader_path/../Frameworks",
				);
				MACOSX_DEPLOYMENT_TARGET = 10.15;
				PRODUCT_BUNDLE_IDENTIFIER = com.yegcollective.DLPrototypeTests;
				PRODUCT_NAME = "$(TARGET_NAME)";
				SWIFT_VERSION = 5.0;
				TEST_HOST = "$(BUILT_PRODUCTS_DIR)/DLPrototype.app/Contents/MacOS/DLPrototype";
			};
			name = Debug;
		};
		53218D7524B7F6EC0088ABE9 /* Release */ = {
			isa = XCBuildConfiguration;
			buildSettings = {
				ALWAYS_EMBED_SWIFT_STANDARD_LIBRARIES = YES;
				BUNDLE_LOADER = "$(TEST_HOST)";
				CODE_SIGN_STYLE = Automatic;
				COMBINE_HIDPI_IMAGES = YES;
				DEAD_CODE_STRIPPING = YES;
				DEVELOPMENT_TEAM = 6DT7L2N5X6;
				INFOPLIST_FILE = DLPrototypeTests/Info.plist;
				LD_RUNPATH_SEARCH_PATHS = (
					"$(inherited)",
					"@executable_path/../Frameworks",
					"@loader_path/../Frameworks",
				);
				MACOSX_DEPLOYMENT_TARGET = 10.15;
				PRODUCT_BUNDLE_IDENTIFIER = com.yegcollective.DLPrototypeTests;
				PRODUCT_NAME = "$(TARGET_NAME)";
				SWIFT_VERSION = 5.0;
				TEST_HOST = "$(BUILT_PRODUCTS_DIR)/DLPrototype.app/Contents/MacOS/DLPrototype";
			};
			name = Release;
		};
		53218D7724B7F6EC0088ABE9 /* Debug */ = {
			isa = XCBuildConfiguration;
			buildSettings = {
				ALWAYS_EMBED_SWIFT_STANDARD_LIBRARIES = YES;
				CODE_SIGN_STYLE = Automatic;
				COMBINE_HIDPI_IMAGES = YES;
				DEAD_CODE_STRIPPING = YES;
				DEVELOPMENT_TEAM = 6DT7L2N5X6;
				INFOPLIST_FILE = DLPrototypeUITests/Info.plist;
				LD_RUNPATH_SEARCH_PATHS = (
					"$(inherited)",
					"@executable_path/../Frameworks",
					"@loader_path/../Frameworks",
				);
				PRODUCT_BUNDLE_IDENTIFIER = com.yegcollective.DLPrototypeUITests;
				PRODUCT_NAME = "$(TARGET_NAME)";
				SWIFT_VERSION = 5.0;
				TEST_TARGET_NAME = DLPrototype;
			};
			name = Debug;
		};
		53218D7824B7F6EC0088ABE9 /* Release */ = {
			isa = XCBuildConfiguration;
			buildSettings = {
				ALWAYS_EMBED_SWIFT_STANDARD_LIBRARIES = YES;
				CODE_SIGN_STYLE = Automatic;
				COMBINE_HIDPI_IMAGES = YES;
				DEAD_CODE_STRIPPING = YES;
				DEVELOPMENT_TEAM = 6DT7L2N5X6;
				INFOPLIST_FILE = DLPrototypeUITests/Info.plist;
				LD_RUNPATH_SEARCH_PATHS = (
					"$(inherited)",
					"@executable_path/../Frameworks",
					"@loader_path/../Frameworks",
				);
				PRODUCT_BUNDLE_IDENTIFIER = com.yegcollective.DLPrototypeUITests;
				PRODUCT_NAME = "$(TARGET_NAME)";
				SWIFT_VERSION = 5.0;
				TEST_TARGET_NAME = DLPrototype;
			};
			name = Release;
		};
/* End XCBuildConfiguration section */

/* Begin XCConfigurationList section */
		53218D3F24B7F6EB0088ABE9 /* Build configuration list for PBXProject "DLPrototype" */ = {
			isa = XCConfigurationList;
			buildConfigurations = (
				53218D6E24B7F6EC0088ABE9 /* Debug */,
				53218D6F24B7F6EC0088ABE9 /* Release */,
			);
			defaultConfigurationIsVisible = 0;
			defaultConfigurationName = Release;
		};
		53218D7024B7F6EC0088ABE9 /* Build configuration list for PBXNativeTarget "DLPrototype" */ = {
			isa = XCConfigurationList;
			buildConfigurations = (
				53218D7124B7F6EC0088ABE9 /* Debug */,
				53218D7224B7F6EC0088ABE9 /* Release */,
			);
			defaultConfigurationIsVisible = 0;
			defaultConfigurationName = Release;
		};
		53218D7324B7F6EC0088ABE9 /* Build configuration list for PBXNativeTarget "DLPrototypeTests" */ = {
			isa = XCConfigurationList;
			buildConfigurations = (
				53218D7424B7F6EC0088ABE9 /* Debug */,
				53218D7524B7F6EC0088ABE9 /* Release */,
			);
			defaultConfigurationIsVisible = 0;
			defaultConfigurationName = Release;
		};
		53218D7624B7F6EC0088ABE9 /* Build configuration list for PBXNativeTarget "DLPrototypeUITests" */ = {
			isa = XCConfigurationList;
			buildConfigurations = (
				53218D7724B7F6EC0088ABE9 /* Debug */,
				53218D7824B7F6EC0088ABE9 /* Release */,
			);
			defaultConfigurationIsVisible = 0;
			defaultConfigurationName = Release;
		};
/* End XCConfigurationList section */

/* Begin XCVersionGroup section */
		53218D4B24B7F6EB0088ABE9 /* DLPrototype.xcdatamodeld */ = {
			isa = XCVersionGroup;
			children = (
				53218D4C24B7F6EB0088ABE9 /* DLPrototype.xcdatamodel */,
			);
			currentVersion = 53218D4C24B7F6EB0088ABE9 /* DLPrototype.xcdatamodel */;
			path = DLPrototype.xcdatamodeld;
			sourceTree = "<group>";
			versionGroupType = wrapper.xcdatamodel;
		};
		537628B229665F4E00DE8ECF /* Data.xcdatamodeld */ = {
			isa = XCVersionGroup;
			children = (
				537628B329665F4E00DE8ECF /* Note.xcdatamodel */,
			);
			currentVersion = 537628B329665F4E00DE8ECF /* Note.xcdatamodel */;
			path = Data.xcdatamodeld;
			sourceTree = "<group>";
			versionGroupType = wrapper.xcdatamodel;
		};
/* End XCVersionGroup section */
	};
	rootObject = 53218D3C24B7F6EB0088ABE9 /* Project object */;
}
